Microsoft Visual Studio Solution File, Format Version 12.00
# Visual Studio Version 17
VisualStudioVersion = 17.5.2.0
MinimumVisualStudioVersion = 10.0.40219.1
Project("{2150E333-8FDC-42A3-9474-1A3956D46DE8}") = "Main", "Main", "{31AE6914-FC0D-00B9-E9C5-7A9394E67007}"
EndProject
Project("{9A19103F-16F7-4668-BE54-9A1E7A4F7556}") = "CthulhuSquish", "main\CthulhuSquish.csproj", "{A28738DA-3691-0CA9-847F-47AEAC31C20E}"
EndProject
Global
	GlobalSection(SolutionConfigurationPlatforms) = preSolution
		Debug|Any CPU = Debug|Any CPU
		Release|Any CPU = Release|Any CPU
	EndGlobalSection
	GlobalSection(ProjectConfigurationPlatforms) = postSolution
		{A28738DA-3691-0CA9-847F-47AEAC31C20E}.Debug|Any CPU.ActiveCfg = Debug|Any CPU
		{A28738DA-3691-0CA9-847F-47AEAC31C20E}.Debug|Any CPU.Build.0 = Debug|Any CPU
		{A28738DA-3691-0CA9-847F-47AEAC31C20E}.Release|Any CPU.ActiveCfg = Release|Any CPU
		{A28738DA-3691-0CA9-847F-47AEAC31C20E}.Release|Any CPU.Build.0 = Release|Any CPU
	EndGlobalSection
	GlobalSection(SolutionProperties) = preSolution
		HideSolutionNode = FALSE
	EndGlobalSection
	GlobalSection(NestedProjects) = preSolution
		{A28738DA-3691-0CA9-847F-47AEAC31C20E} = {31AE6914-FC0D-00B9-E9C5-7A9394E67007}
	EndGlobalSection
	GlobalSection(ExtensibilityGlobals) = postSolution
		SolutionGuid = {9463A57E-5682-4ECF-A0B6-FD6CEBF6BED4}
	EndGlobalSection
EndGlobal
